
Microsoft Visual Studio Solution File, Format Version 12.00
# Visual Studio Version 17
VisualStudioVersion = 17.8.34330.188
MinimumVisualStudioVersion = 10.0.40219.1
Project("{FAE04EC0-301F-11D3-BF4B-00C04F79EFBC}") = "TKShop", "TKShop\TKShop.csproj", "{2F014732-CA82-431D-8696-FD1380D62ED0}"
EndProject
Global
	GlobalSection(SolutionConfigurationPlatforms) = preSolution
		Debug|Any CPU = Debug|Any CPU
		Release|Any CPU = Release|Any CPU
	EndGlobalSection
	GlobalSection(ProjectConfigurationPlatforms) = postSolution
		{2F014732-CA82-431D-8696-FD1380D62ED0}.Debug|Any CPU.ActiveCfg = Debug|Any CPU
		{2F014732-CA82-431D-8696-FD1380D62ED0}.Debug|Any CPU.Build.0 = Debug|Any CPU
		{2F014732-CA82-431D-8696-FD1380D62ED0}.Release|Any CPU.ActiveCfg = Release|Any CPU
		{2F014732-CA82-431D-8696-FD1380D62ED0}.Release|Any CPU.Build.0 = Release|Any CPU
	EndGlobalSection
	GlobalSection(SolutionProperties) = preSolution
		HideSolutionNode = FALSE
	EndGlobalSection
	GlobalSection(ExtensibilityGlobals) = postSolution
		SolutionGuid = {64D80DFA-050F-44EC-BE7C-4D3958BCE067}
	EndGlobalSection
EndGlobal
